
Microsoft Visual Studio Solution File, Format Version 12.00
# Visual Studio Version 17
VisualStudioVersion = 17.11.35327.3
MinimumVisualStudioVersion = 10.0.40219.1
Project("{8BC9CEB8-8B4A-11D0-8D11-00A0C91BC942}") = "PLANE", "PLANE.vcxproj", "{89000B34-1829-4D53-9BC0-0528D471EF35}"
EndProject
Global
	GlobalSection(SolutionConfigurationPlatforms) = preSolution
		Debug|x64 = Debug|x64
		Debug|x86 = Debug|x86
		Release|x64 = Release|x64
		Release|x86 = Release|x86
	EndGlobalSection
	GlobalSection(ProjectConfigurationPlatforms) = postSolution
		{89000B34-1829-4D53-9BC0-0528D471EF35}.Debug|x64.ActiveCfg = Debug|x64
		{89000B34-1829-4D53-9BC0-0528D471EF35}.Debug|x64.Build.0 = Debug|x64
		{89000B34-1829-4D53-9BC0-0528D471EF35}.Debug|x86.ActiveCfg = Debug|Win32
		{89000B34-1829-4D53-9BC0-0528D471EF35}.Debug|x86.Build.0 = Debug|Win32
		{89000B34-1829-4D53-9BC0-0528D471EF35}.Release|x64.ActiveCfg = Release|x64
		{89000B34-1829-4D53-9BC0-0528D471EF35}.Release|x64.Build.0 = Release|x64
		{89000B34-1829-4D53-9BC0-0528D471EF35}.Release|x86.ActiveCfg = Release|Win32
		{89000B34-1829-4D53-9BC0-0528D471EF35}.Release|x86.Build.0 = Release|Win32
	EndGlobalSection
	GlobalSection(SolutionProperties) = preSolution
		HideSolutionNode = FALSE
	EndGlobalSection
	GlobalSection(ExtensibilityGlobals) = postSolution
		SolutionGuid = {AB9D913D-B020-4E38-B5B8-052F325CB596}
	EndGlobalSection
EndGlobal
